
Microsoft Visual Studio Solution File, Format Version 12.00
# Visual Studio Version 17
VisualStudioVersion = 17.1.32407.343
MinimumVisualStudioVersion = 10.0.40219.1
Project("{FAE04EC0-301F-11D3-BF4B-00C04F79EFBC}") = "Multa", "Multa\Multa.csproj", "{2572C9C7-7AFA-4C25-9A4E-D323F114D6AD}"
EndProject
Global
	GlobalSection(SolutionConfigurationPlatforms) = preSolution
		Debug|Any CPU = Debug|Any CPU
		Release|Any CPU = Release|Any CPU
	EndGlobalSection
	GlobalSection(ProjectConfigurationPlatforms) = postSolution
		{2572C9C7-7AFA-4C25-9A4E-D323F114D6AD}.Debug|Any CPU.ActiveCfg = Debug|Any CPU
		{2572C9C7-7AFA-4C25-9A4E-D323F114D6AD}.Debug|Any CPU.Build.0 = Debug|Any CPU
		{2572C9C7-7AFA-4C25-9A4E-D323F114D6AD}.Release|Any CPU.ActiveCfg = Release|Any CPU
		{2572C9C7-7AFA-4C25-9A4E-D323F114D6AD}.Release|Any CPU.Build.0 = Release|Any CPU
	EndGlobalSection
	GlobalSection(SolutionProperties) = preSolution
		HideSolutionNode = FALSE
	EndGlobalSection
	GlobalSection(ExtensibilityGlobals) = postSolution
		SolutionGuid = {5EC5B4E2-23EC-4140-9DBD-2AC9B00D423A}
	EndGlobalSection
EndGlobal
